Microsoft Visual Studio Solution File, Format Version 12.00
# Visual Studio 15
VisualStudioVersion = 15.0.26730.3
MinimumVisualStudioVersion = 10.0.40219.1
Project("{FAE04EC0-301F-11D3-BF4B-00C04F79EFBC}") = "QueryExpress", "QueryExpress\QueryExpress.csproj", "{2F9E998B-6691-4EC6-BDF9-AFE090B70413}"
EndProject
Project("{2150E333-8FDC-42A3-9474-1A3956D46DE8}") = "Docs", "Docs", "{A264B1A9-0375-4292-A41E-456CAB89E277}"
	ProjectSection(SolutionItems) = preProject
		docs\images\screenshot.jpg = docs\images\screenshot.jpg
	EndProjectSection
EndProject
Project("{2150E333-8FDC-42A3-9474-1A3956D46DE8}") = "Solution Items", "Solution Items", "{CB097BF9-49D8-47EA-88A9-DA4E15C8662E}"
	ProjectSection(SolutionItems) = preProject
		..\appveyor.yml = ..\appveyor.yml
		..\README.md = ..\README.md
	EndProjectSection
EndProject
Global
	GlobalSection(SolutionConfigurationPlatforms) = preSolution
		Debug|Any CPU = Debug|Any CPU
		Release|Any CPU = Release|Any CPU
	EndGlobalSection
	GlobalSection(ProjectConfigurationPlatforms) = postSolution
		{2F9E998B-6691-4EC6-BDF9-AFE090B70413}.Debug|Any CPU.ActiveCfg = Debug|Any CPU
		{2F9E998B-6691-4EC6-BDF9-AFE090B70413}.Debug|Any CPU.Build.0 = Debug|Any CPU
		{2F9E998B-6691-4EC6-BDF9-AFE090B70413}.Release|Any CPU.ActiveCfg = Release|Any CPU
		{2F9E998B-6691-4EC6-BDF9-AFE090B70413}.Release|Any CPU.Build.0 = Release|Any CPU
	EndGlobalSection
	GlobalSection(SolutionProperties) = preSolution
		HideSolutionNode = FALSE
	EndGlobalSection
	GlobalSection(ExtensibilityGlobals) = postSolution
		SolutionGuid = {D965432B-17FB-463C-A146-7C4AC9525CF3}
	EndGlobalSection
EndGlobal
